
Microsoft Visual Studio Solution File, Format Version 12.00
# Visual Studio 15
VisualStudioVersion = 15.0.26730.12
MinimumVisualStudioVersion = 10.0.40219.1
Project("{262852C6-CD72-467D-83FE-5EEB1973A190}") = "S3Sync", "S3Sync.jsproj", "{B69D651B-7C6E-4D9D-BCE0-FAD47B6EFEDA}"
EndProject
Global
	GlobalSection(SolutionConfigurationPlatforms) = preSolution
		Debug|Android = Debug|Android
		Debug|iOS = Debug|iOS
		Debug|Windows-ARM = Debug|Windows-ARM
		Debug|Windows-x64 = Debug|Windows-x64
		Debug|Windows-x86 = Debug|Windows-x86
		Release|Android = Release|Android
		Release|iOS = Release|iOS
		Release|Windows-ARM = Release|Windows-ARM
		Release|Windows-x64 = Release|Windows-x64
		Release|Windows-x86 = Release|Windows-x86
	EndGlobalSection
	GlobalSection(ProjectConfigurationPlatforms) = postSolution
		{B69D651B-7C6E-4D9D-BCE0-FAD47B6EFEDA}.Debug|Android.ActiveCfg = Debug|Android
		{B69D651B-7C6E-4D9D-BCE0-FAD47B6EFEDA}.Debug|Android.Build.0 = Debug|Android
		{B69D651B-7C6E-4D9D-BCE0-FAD47B6EFEDA}.Debug|Android.Deploy.0 = Debug|Android
		{B69D651B-7C6E-4D9D-BCE0-FAD47B6EFEDA}.Debug|iOS.ActiveCfg = Debug|iOS
		{B69D651B-7C6E-4D9D-BCE0-FAD47B6EFEDA}.Debug|iOS.Build.0 = Debug|iOS
		{B69D651B-7C6E-4D9D-BCE0-FAD47B6EFEDA}.Debug|iOS.Deploy.0 = Debug|iOS
		{B69D651B-7C6E-4D9D-BCE0-FAD47B6EFEDA}.Debug|Windows-ARM.ActiveCfg = Debug|Windows-ARM
		{B69D651B-7C6E-4D9D-BCE0-FAD47B6EFEDA}.Debug|Windows-ARM.Build.0 = Debug|Windows-ARM
		{B69D651B-7C6E-4D9D-BCE0-FAD47B6EFEDA}.Debug|Windows-ARM.Deploy.0 = Debug|Windows-ARM
		{B69D651B-7C6E-4D9D-BCE0-FAD47B6EFEDA}.Debug|Windows-x64.ActiveCfg = Debug|Windows-x64
		{B69D651B-7C6E-4D9D-BCE0-FAD47B6EFEDA}.Debug|Windows-x64.Build.0 = Debug|Windows-x64
		{B69D651B-7C6E-4D9D-BCE0-FAD47B6EFEDA}.Debug|Windows-x64.Deploy.0 = Debug|Windows-x64
		{B69D651B-7C6E-4D9D-BCE0-FAD47B6EFEDA}.Debug|Windows-x86.ActiveCfg = Debug|Windows-x86
		{B69D651B-7C6E-4D9D-BCE0-FAD47B6EFEDA}.Debug|Windows-x86.Build.0 = Debug|Windows-x86
		{B69D651B-7C6E-4D9D-BCE0-FAD47B6EFEDA}.Debug|Windows-x86.Deploy.0 = Debug|Windows-x86
		{B69D651B-7C6E-4D9D-BCE0-FAD47B6EFEDA}.Release|Android.ActiveCfg = Release|Android
		{B69D651B-7C6E-4D9D-BCE0-FAD47B6EFEDA}.Release|Android.Build.0 = Release|Android
		{B69D651B-7C6E-4D9D-BCE0-FAD47B6EFEDA}.Release|Android.Deploy.0 = Release|Android
		{B69D651B-7C6E-4D9D-BCE0-FAD47B6EFEDA}.Release|iOS.ActiveCfg = Release|iOS
		{B69D651B-7C6E-4D9D-BCE0-FAD47B6EFEDA}.Release|iOS.Build.0 = Release|iOS
		{B69D651B-7C6E-4D9D-BCE0-FAD47B6EFEDA}.Release|iOS.Deploy.0 = Release|iOS
		{B69D651B-7C6E-4D9D-BCE0-FAD47B6EFEDA}.Release|Windows-ARM.ActiveCfg = Release|Windows-ARM
		{B69D651B-7C6E-4D9D-BCE0-FAD47B6EFEDA}.Release|Windows-ARM.Build.0 = Release|Windows-ARM
		{B69D651B-7C6E-4D9D-BCE0-FAD47B6EFEDA}.Release|Windows-ARM.Deploy.0 = Release|Windows-ARM
		{B69D651B-7C6E-4D9D-BCE0-FAD47B6EFEDA}.Release|Windows-x64.ActiveCfg = Release|Windows-x64
		{B69D651B-7C6E-4D9D-BCE0-FAD47B6EFEDA}.Release|Windows-x64.Build.0 = Release|Windows-x64
		{B69D651B-7C6E-4D9D-BCE0-FAD47B6EFEDA}.Release|Windows-x64.Deploy.0 = Release|Windows-x64
		{B69D651B-7C6E-4D9D-BCE0-FAD47B6EFEDA}.Release|Windows-x86.ActiveCfg = Release|Windows-x86
		{B69D651B-7C6E-4D9D-BCE0-FAD47B6EFEDA}.Release|Windows-x86.Build.0 = Release|Windows-x86
		{B69D651B-7C6E-4D9D-BCE0-FAD47B6EFEDA}.Release|Windows-x86.Deploy.0 = Release|Windows-x86
	EndGlobalSection
	GlobalSection(SolutionProperties) = preSolution
		HideSolutionNode = FALSE
	EndGlobalSection
	GlobalSection(ExtensibilityGlobals) = postSolution
		SolutionGuid = {865D2A08-26C2-4C22-898A-F08525461ED0}
	EndGlobalSection
EndGlobal
